// !$*UTF8*$!
{
	archiveVersion = 1;
	classes = {
	};
	objectVersion = 46;
	objects = {

/* Begin PBXBuildFile section */
		D0813D611E4DB7DC00D9C2FB /* AboutViewController.swift in Sources */ = {isa = PBXBuildFile; fileRef = D0813D601E4DB7DC00D9C2FB /* AboutViewController.swift */; };
		D0813D6D1E4E167500D9C2FB /* BullsEye.html in Resources */ = {isa = PBXBuildFile; fileRef = D0813D6C1E4E167500D9C2FB /* BullsEye.html */; };
		D0813D6F1E4EFA8900D9C2FB /* Default-568h@2x.png in Resources */ = {isa = PBXBuildFile; fileRef = D0813D6E1E4EFA8900D9C2FB /* Default-568h@2x.png */; };
		D0F612481E49E6AE004743B2 /* AppDelegate.swift in Sources */ = {isa = PBXBuildFile; fileRef = D0F612471E49E6AE004743B2 /* AppDelegate.swift */; };
		D0F6124A1E49E6AE004743B2 /* ViewController.swift in Sources */ = {isa = PBXBuildFile; fileRef = D0F612491E49E6AE004743B2 /* ViewController.swift */; };
		D0F6124D1E49E6AE004743B2 /* Main.storyboard in Resources */ = {isa = PBXBuildFile; fileRef = D0F6124B1E49E6AE004743B2 /* Main.storyboard */; };
		D0F6124F1E49E6AE004743B2 /* Assets.xcassets in Resources */ = {isa = PBXBuildFile; fileRef = D0F6124E1E49E6AE004743B2 /* Assets.xcassets */; };
/* End PBXBuildFile section */

/* Begin PBXFileReference section */
		D0813D601E4DB7DC00D9C2FB /* AboutViewController.swift */ = {isa = PBXFileReference; fileEncoding = 4; lastKnownFileType = sourcecode.swift; path = AboutViewController.swift; sourceTree = "<group>"; };
		D0813D621E4DE79200D9C2FB /* SquirrelsEye.entitlements */ = {isa = PBXFileReference; lastKnownFileType = text.plist.entitlements; path = SquirrelsEye.entitlements; sourceTree = "<group>"; };
		D0813D6C1E4E167500D9C2FB /* BullsEye.html */ = {isa = PBXFileReference; fileEncoding = 4; lastKnownFileType = text.html; path = BullsEye.html; sourceTree = "<group>"; };
		D0813D6E1E4EFA8900D9C2FB /* Default-568h@2x.png */ = {isa = PBXFileReference; lastKnownFileType = image.png; path = "Default-568h@2x.png"; sourceTree = "<group>"; };
		D0F612441E49E6AE004743B2 /* SquirrelsEye.app */ = {isa = PBXFileReference; explicitFileType = wrapper.application; includeInIndex = 0; path = SquirrelsEye.app; sourceTree = BUILT_PRODUCTS_DIR; };
		D0F612471E49E6AE004743B2 /* AppDelegate.swift */ = {isa = PBXFileReference; lastKnownFileType = sourcecode.swift; path = AppDelegate.swift; sourceTree = "<group>"; };
		D0F612491E49E6AE004743B2 /* ViewController.swift */ = {isa = PBXFileReference; lastKnownFileType = sourcecode.swift; path = ViewController.swift; sourceTree = "<group>"; };
		D0F6124C1E49E6AE004743B2 /* Base */ = {isa = PBXFileReference; lastKnownFileType = file.storyboard; name = Base; path = Base.lproj/Main.storyboard; sourceTree = "<group>"; };
		D0F6124E1E49E6AE004743B2 /* Assets.xcassets */ = {isa = PBXFileReference; lastKnownFileType = folder.assetcatalog; path = Assets.xcassets; sourceTree = "<group>"; };
		D0F612531E49E6AE004743B2 /* Info.plist */ = {isa = PBXFileReference; lastKnownFileType = text.plist.xml; path = Info.plist; sourceTree = "<group>"; };
/* End PBXFileReference section */

/* Begin PBXFrameworksBuildPhase section */
		D0F612411E49E6AD004743B2 /* Frameworks */ = {
			isa = PBXFrameworksBuildPhase;
			buildActionMask = 2147483647;
			files = (
			);
			runOnlyForDeploymentPostprocessing = 0;
		};
/* End PBXFrameworksBuildPhase section */

/* Begin PBXGroup section */
		D0813D631E4DE79B00D9C2FB /* Frameworks */ = {
			isa = PBXGroup;
			children = (
			);
			name = Frameworks;
			sourceTree = "<group>";
		};
		D0F6123B1E49E6AD004743B2 = {
			isa = PBXGroup;
			children = (
				D0813D6E1E4EFA8900D9C2FB /* Default-568h@2x.png */,
				D0F612461E49E6AE004743B2 /* SquirrelsEye */,
				D0F612451E49E6AE004743B2 /* Products */,
				D0813D631E4DE79B00D9C2FB /* Frameworks */,
			);
			sourceTree = "<group>";
		};
		D0F612451E49E6AE004743B2 /* Products */ = {
			isa = PBXGroup;
			children = (
				D0F612441E49E6AE004743B2 /* SquirrelsEye.app */,
			);
			name = Products;
			sourceTree = "<group>";
		};
		D0F612461E49E6AE004743B2 /* SquirrelsEye */ = {
			isa = PBXGroup;
			children = (
				D0813D6C1E4E167500D9C2FB /* BullsEye.html */,
				D0813D621E4DE79200D9C2FB /* SquirrelsEye.entitlements */,
				D0F612471E49E6AE004743B2 /* AppDelegate.swift */,
				D0F612491E49E6AE004743B2 /* ViewController.swift */,
				D0F6124B1E49E6AE004743B2 /* Main.storyboard */,
				D0813D601E4DB7DC00D9C2FB /* AboutViewController.swift */,
				D0F6124E1E49E6AE004743B2 /* Assets.xcassets */,
				D0F612531E49E6AE004743B2 /* Info.plist */,
			);
			path = SquirrelsEye;
			sourceTree = "<group>";
		};
/* End PBXGroup section */

/* Begin PBXNativeTarget section */
		D0F612431E49E6AD004743B2 /* SquirrelsEye */ = {
			isa = PBXNativeTarget;
			buildConfigurationList = D0F612561E49E6AE004743B2 /* Build configuration list for PBXNativeTarget "SquirrelsEye" */;
			buildPhases = (
				D0F612401E49E6AD004743B2 /* Sources */,
				D0F612411E49E6AD004743B2 /* Frameworks */,
				D0F612421E49E6AD004743B2 /* Resources */,
			);
			buildRules = (
			);
			dependencies = (
			);
			name = SquirrelsEye;
			productName = SquirrelsEye;
			productReference = D0F612441E49E6AE004743B2 /* SquirrelsEye.app */;
			productType = "com.apple.product-type.application";
		};
/* End PBXNativeTarget section */

/* Begin PBXProject section */
		D0F6123C1E49E6AD004743B2 /* Project object */ = {
			isa = PBXProject;
			attributes = {
				LastSwiftUpdateCheck = 0820;
				LastUpgradeCheck = 0820;
				ORGANIZATIONNAME = "macbook air";
				TargetAttributes = {
					D0F612431E49E6AD004743B2 = {
						CreatedOnToolsVersion = 8.2.1;
						ProvisioningStyle = Manual;
						SystemCapabilities = {
							com.apple.GameCenter = {
								enabled = 0;
							};
							com.apple.Push = {
								enabled = 0;
							};
						};
					};
				};
			};
			buildConfigurationList = D0F6123F1E49E6AD004743B2 /* Build configuration list for PBXProject "SquirrelsEye" */;
			compatibilityVersion = "Xcode 3.2";
			developmentRegion = English;
			hasScannedForEncodings = 0;
			knownRegions = (
				en,
				Base,
			);
			mainGroup = D0F6123B1E49E6AD004743B2;
			productRefGroup = D0F612451E49E6AE004743B2 /* Products */;
			projectDirPath = "";
			projectRoot = "";
			targets = (
				D0F612431E49E6AD004743B2 /* SquirrelsEye */,
			);
		};
/* End PBXProject section */

/* Begin PBXResourcesBuildPhase section */
		D0F612421E49E6AD004743B2 /* Resources */ = {
			isa = PBXResourcesBuildPhase;
			buildActionMask = 2147483647;
			files = (
				D0813D6D1E4E167500D9C2FB /* BullsEye.html in Resources */,
				D0813D6F1E4EFA8900D9C2FB /* Default-568h@2x.png in Resources */,
				D0F6124F1E49E6AE004743B2 /* Assets.xcassets in Resources */,
				D0F6124D1E49E6AE004743B2 /* Main.storyboard in Resources */,
			);
			runOnlyForDeploymentPostprocessing = 0;
		};
/* End PBXResourcesBuildPhase section */

/* Begin PBXSourcesBuildPhase section */
		D0F612401E49E6AD004743B2 /* Sources */ = {
			isa = PBXSourcesBuildPhase;
			buildActionMask = 2147483647;
			files = (
				D0813D611E4DB7DC00D9C2FB /* AboutViewController.swift in Sources */,
				D0F6124A1E49E6AE004743B2 /* ViewController.swift in Sources */,
				D0F612481E49E6AE004743B2 /* AppDelegate.swift in Sources */,
			);
			runOnlyForDeploymentPostprocessing = 0;
		};
/* End PBXSourcesBuildPhase section */

/* Begin PBXVariantGroup section */
		D0F6124B1E49E6AE004743B2 /* Main.storyboard */ = {
			isa = PBXVariantGroup;
			children = (
				D0F6124C1E49E6AE004743B2 /* Base */,
			);
			name = Main.storyboard;
			sourceTree = "<group>";
		};
/* End PBXVariantGroup section */

/* Begin XCBuildConfiguration section */
		D0F612541E49E6AE004743B2 /* Debug */ = {
			isa = XCBuildConfiguration;
			buildSettings = {
				ALWAYS_SEARCH_USER_PATHS = NO;
				CLANG_ANALYZER_NONNULL = YES;
				CLANG_CXX_LANGUAGE_STANDARD = "gnu++0x";
				CLANG_CXX_LIBRARY = "libc++";
				CLANG_ENABLE_MODULES = YES;
				CLANG_ENABLE_OBJC_ARC = YES;
				CLANG_WARN_BOOL_CONVERSION = YES;
				CLANG_WARN_CONSTANT_CONVERSION = YES;
				CLANG_WARN_DIRECT_OBJC_ISA_USAGE = YES_ERROR;
				CLANG_WARN_DOCUMENTATION_COMMENTS = YES;
				CLANG_WARN_EMPTY_BODY = YES;
				CLANG_WARN_ENUM_CONVERSION = YES;
				CLANG_WARN_INFINITE_RECURSION = YES;
				CLANG_WARN_INT_CONVERSION = YES;
				CLANG_WARN_OBJC_ROOT_CLASS = YES_ERROR;
				CLANG_WARN_SUSPICIOUS_MOVE = YES;
				CLANG_WARN_UNREACHABLE_CODE = YES;
				CLANG_WARN__DUPLICATE_METHOD_MATCH = YES;
				"CODE_SIGN_IDENTITY[sdk=iphoneos*]" = "iPhone Developer";
				COPY_PHASE_STRIP = NO;
				DEBUG_INFORMATION_FORMAT = dwarf;
				ENABLE_STRICT_OBJC_MSGSEND = YES;
				ENABLE_TESTABILITY = YES;
				GCC_C_LANGUAGE_STANDARD = gnu99;
				GCC_DYNAMIC_NO_PIC = NO;
				GCC_NO_COMMON_BLOCKS = YES;
				GCC_OPTIMIZATION_LEVEL = 0;
				GCC_PREPROCESSOR_DEFINITIONS = (
					"DEBUG=1",
					"$(inherited)",
				);
				GCC_WARN_64_TO_32_BIT_CONVERSION = YES;
				GCC_WARN_ABOUT_RETURN_TYPE = YES_ERROR;
				GCC_WARN_UNDECLARED_SELECTOR = YES;
				GCC_WARN_UNINITIALIZED_AUTOS = YES_AGGRESSIVE;
				GCC_WARN_UNUSED_FUNCTION = YES;
				GCC_WARN_UNUSED_VARIABLE = YES;
				IPHONEOS_DEPLOYMENT_TARGET = 10.2;
				MTL_ENABLE_DEBUG_INFO = YES;
				ONLY_ACTIVE_ARCH = YES;
				SDKROOT = iphoneos;
				SWIFT_ACTIVE_COMPILATION_CONDITIONS = DEBUG;
				SWIFT_OPTIMIZATION_LEVEL = "-Onone";
			};
			name = Debug;
		};
		D0F612551E49E6AE004743B2 /* Release */ = {
			isa = XCBuildConfiguration;
			buildSettings = {
				ALWAYS_SEARCH_USER_PATHS = NO;
				CLANG_ANALYZER_NONNULL = YES;
				CLANG_CXX_LANGUAGE_STANDARD = "gnu++0x";
				CLANG_CXX_LIBRARY = "libc++";
				CLANG_ENABLE_MODULES = YES;
				CLANG_ENABLE_OBJC_ARC = YES;
				CLANG_WARN_BOOL_CONVERSION = YES;
				CLANG_WARN_CONSTANT_CONVERSION = YES;
				CLANG_WARN_DIRECT_OBJC_ISA_USAGE = YES_ERROR;
				CLANG_WARN_DOCUMENTATION_COMMENTS = YES;
				CLANG_WARN_EMPTY_BODY = YES;
				CLANG_WARN_ENUM_CONVERSION = YES;
				CLANG_WARN_INFINITE_RECURSION = YES;
				CLANG_WARN_INT_CONVERSION = YES;
				CLANG_WARN_OBJC_ROOT_CLASS = YES_ERROR;
				CLANG_WARN_SUSPICIOUS_MOVE = YES;
				CLANG_WARN_UNREACHABLE_CODE = YES;
				CLANG_WARN__DUPLICATE_METHOD_MATCH = YES;
				"CODE_SIGN_IDENTITY[sdk=iphoneos*]" = "iPhone Developer";
				COPY_PHASE_STRIP = NO;
				DEBUG_INFORMATION_FORMAT = "dwarf-with-dsym";
				ENABLE_NS_ASSERTIONS = NO;
				ENABLE_STRICT_OBJC_MSGSEND = YES;
				GCC_C_LANGUAGE_STANDARD = gnu99;
				GCC_NO_COMMON_BLOCKS = YES;
				GCC_WARN_64_TO_32_BIT_CONVERSION = YES;
				GCC_WARN_ABOUT_RETURN_TYPE = YES_ERROR;
				GCC_WARN_UNDECLARED_SELECTOR = YES;
				GCC_WARN_UNINITIALIZED_AUTOS = YES_AGGRESSIVE;
				GCC_WARN_UNUSED_FUNCTION = YES;
				GCC_WARN_UNUSED_VARIABLE = YES;
				IPHONEOS_DEPLOYMENT_TARGET = 10.2;
				MTL_ENABLE_DEBUG_INFO = NO;
				SDKROOT = iphoneos;
				SWIFT_OPTIMIZATION_LEVEL = "-Owholemodule";
				VALIDATE_PRODUCT = YES;
			};
			name = Release;
		};
		D0F612571E49E6AE004743B2 /* Debug */ = {
			isa = XCBuildConfiguration;
			buildSettings = {
				ASSETCATALOG_COMPILER_APPICON_NAME = AppIcon;
				DEVELOPMENT_TEAM = "";
				INFOPLIST_FILE = SquirrelsEye/Info.plist;
				LD_RUNPATH_SEARCH_PATHS = "$(inherited) @executable_path/Frameworks";
				PRODUCT_BUNDLE_IDENTIFIER = com.example.SquirrelsEye;
				PRODUCT_NAME = "$(TARGET_NAME)";
				SWIFT_VERSION = 3.0;
			};
			name = Debug;
		};
		D0F612581E49E6AE004743B2 /* Release */ = {
			isa = XCBuildConfiguration;
			buildSettings = {
				ASSETCATALOG_COMPILER_APPICON_NAME = AppIcon;
				DEVELOPMENT_TEAM = "";
				INFOPLIST_FILE = SquirrelsEye/Info.plist;
				LD_RUNPATH_SEARCH_PATHS = "$(inherited) @executable_path/Frameworks";
				PRODUCT_BUNDLE_IDENTIFIER = com.example.SquirrelsEye;
				PRODUCT_NAME = "$(TARGET_NAME)";
				SWIFT_VERSION = 3.0;
			};
			name = Release;
		};
/* End XCBuildConfiguration section */

/* Begin XCConfigurationList section */
		D0F6123F1E49E6AD004743B2 /* Build configuration list for PBXProject "SquirrelsEye" */ = {
			isa = XCConfigurationList;
			buildConfigurations = (
				D0F612541E49E6AE004743B2 /* Debug */,
				D0F612551E49E6AE004743B2 /* Release */,
			);
			defaultConfigurationIsVisible = 0;
			defaultConfigurationName = Release;
		};
		D0F612561E49E6AE004743B2 /* Build configuration list for PBXNativeTarget "SquirrelsEye" */ = {
			isa = XCConfigurationList;
			buildConfigurations = (
				D0F612571E49E6AE004743B2 /* Debug */,
				D0F612581E49E6AE004743B2 /* Release */,
			);
			defaultConfigurationIsVisible = 0;
			defaultConfigurationName = Release;
		};
/* End XCConfigurationList section */
	};
	rootObject = D0F6123C1E49E6AD004743B2 /* Project object */;
}
